// !$*UTF8*$!
{
	archiveVersion = 1;
	classes = {
	};
	objectVersion = 46;
	objects = {

/* Begin PBXBuildFile section */
		1FB36181164605A800CA70FB /* yellowbackground.png in Resources */ = {isa = PBXBuildFile; fileRef = 1FB36180164605A800CA70FB /* yellowbackground.png */; };
		1FD149821643037600A8F5CC /* UIKit.framework in Frameworks */ = {isa = PBXBuildFile; fileRef = 1FD149811643037600A8F5CC /* UIKit.framework */; };
		1FD149841643037600A8F5CC /* Foundation.framework in Frameworks */ = {isa = PBXBuildFile; fileRef = 1FD149831643037600A8F5CC /* Foundation.framework */; };
		1FD149861643037600A8F5CC /* CoreGraphics.framework in Frameworks */ = {isa = PBXBuildFile; fileRef = 1FD149851643037600A8F5CC /* CoreGraphics.framework */; };
		1FD149881643037600A8F5CC /* CoreData.framework in Frameworks */ = {isa = PBXBuildFile; fileRef = 1FD149871643037600A8F5CC /* CoreData.framework */; };
		1FD1498E1643037600A8F5CC /* InfoPlist.strings in Resources */ = {isa = PBXBuildFile; fileRef = 1FD1498C1643037600A8F5CC /* InfoPlist.strings */; };
		1FD149901643037600A8F5CC /* main.m in Sources */ = {isa = PBXBuildFile; fileRef = 1FD1498F1643037600A8F5CC /* main.m */; };
		1FD149941643037600A8F5CC /* MM_AppDelegate.m in Sources */ = {isa = PBXBuildFile; fileRef = 1FD149931643037600A8F5CC /* MM_AppDelegate.m */; };
		1FD149961643037600A8F5CC /* Default.png in Resources */ = {isa = PBXBuildFile; fileRef = 1FD149951643037600A8F5CC /* Default.png */; };
		1FD149981643037600A8F5CC /* Default@2x.png in Resources */ = {isa = PBXBuildFile; fileRef = 1FD149971643037600A8F5CC /* Default@2x.png */; };
		1FD1499A1643037600A8F5CC /* Default-568h@2x.png in Resources */ = {isa = PBXBuildFile; fileRef = 1FD149991643037600A8F5CC /* Default-568h@2x.png */; };
		1FD1499D1643037600A8F5CC /* MainStoryboard.storyboard in Resources */ = {isa = PBXBuildFile; fileRef = 1FD1499B1643037600A8F5CC /* MainStoryboard.storyboard */; };
		1FD149A01643037600A8F5CC /* MM_Notes.xcdatamodeld in Sources */ = {isa = PBXBuildFile; fileRef = 1FD1499E1643037600A8F5CC /* MM_Notes.xcdatamodeld */; };
		1FD149A31643037600A8F5CC /* MM_MasterViewController.m in Sources */ = {isa = PBXBuildFile; fileRef = 1FD149A21643037600A8F5CC /* MM_MasterViewController.m */; };
		1FD149A61643037600A8F5CC /* MM_DetailViewController.m in Sources */ = {isa = PBXBuildFile; fileRef = 1FD149A51643037600A8F5CC /* MM_DetailViewController.m */; };
		1FD149AE16430B3500A8F5CC /* Event.m in Sources */ = {isa = PBXBuildFile; fileRef = 1FD149AD16430B3500A8F5CC /* Event.m */; };
		1FD149B016430E1C00A8F5CC /* yellow_notebook_paper_0578-307x400.jpg in Resources */ = {isa = PBXBuildFile; fileRef = 1FD149AF16430E1C00A8F5CC /* yellow_notebook_paper_0578-307x400.jpg */; };
		1FFB5F0316447A2C00C88C00 /* notepad.jpg in Resources */ = {isa = PBXBuildFile; fileRef = 1FFB5F0216447A2C00C88C00 /* notepad.jpg */; };
		1FFB5F081644922100C88C00 /* arrow 1.png in Resources */ = {isa = PBXBuildFile; fileRef = 1FFB5F051644922100C88C00 /* arrow 1.png */; };
		1FFB5F091644922100C88C00 /* arrow 2.png in Resources */ = {isa = PBXBuildFile; fileRef = 1FFB5F061644922100C88C00 /* arrow 2.png */; };
		1FFB5F0A1644922100C88C00 /* trash.png in Resources */ = {isa = PBXBuildFile; fileRef = 1FFB5F071644922100C88C00 /* trash.png */; };
/* End PBXBuildFile section */

/* Begin PBXFileReference section */
		1FB36180164605A800CA70FB /* yellowbackground.png */ = {isa = PBXFileReference; lastKnownFileType = image.png; path = yellowbackground.png; sourceTree = "<group>"; };
		1FD1497D1643037600A8F5CC /* MM_Notes.app */ = {isa = PBXFileReference; explicitFileType = wrapper.application; includeInIndex = 0; path = MM_Notes.app; sourceTree = BUILT_PRODUCTS_DIR; };
		1FD149811643037600A8F5CC /* UIKit.framework */ = {isa = PBXFileReference; lastKnownFileType = wrapper.framework; name = UIKit.framework; path = System/Library/Frameworks/UIKit.framework; sourceTree = SDKROOT; };
		1FD149831643037600A8F5CC /* Foundation.framework */ = {isa = PBXFileReference; lastKnownFileType = wrapper.framework; name = Foundation.framework; path = System/Library/Frameworks/Foundation.framework; sourceTree = SDKROOT; };
		1FD149851643037600A8F5CC /* CoreGraphics.framework */ = {isa = PBXFileReference; lastKnownFileType = wrapper.framework; name = CoreGraphics.framework; path = System/Library/Frameworks/CoreGraphics.framework; sourceTree = SDKROOT; };
		1FD149871643037600A8F5CC /* CoreData.framework */ = {isa = PBXFileReference; lastKnownFileType = wrapper.framework; name = CoreData.framework; path = System/Library/Frameworks/CoreData.framework; sourceTree = SDKROOT; };
		1FD1498B1643037600A8F5CC /* MM_Notes-Info.plist */ = {isa = PBXFileReference; lastKnownFileType = text.plist.xml; path = "MM_Notes-Info.plist"; sourceTree = "<group>"; };
		1FD1498D1643037600A8F5CC /* en */ = {isa = PBXFileReference; lastKnownFileType = text.plist.strings; name = en; path = en.lproj/InfoPlist.strings; sourceTree = "<group>"; };
		1FD1498F1643037600A8F5CC /* main.m */ = {isa = PBXFileReference; lastKnownFileType = sourcecode.c.objc; path = main.m; sourceTree = "<group>"; };
		1FD149911643037600A8F5CC /* MM_Notes-Prefix.pch */ = {isa = PBXFileReference; lastKnownFileType = sourcecode.c.h; path = "MM_Notes-Prefix.pch"; sourceTree = "<group>"; };
		1FD149921643037600A8F5CC /* MM_AppDelegate.h */ = {isa = PBXFileReference; lastKnownFileType = sourcecode.c.h; path = MM_AppDelegate.h; sourceTree = "<group>"; };
		1FD149931643037600A8F5CC /* MM_AppDelegate.m */ = {isa = PBXFileReference; lastKnownFileType = sourcecode.c.objc; path = MM_AppDelegate.m; sourceTree = "<group>"; };
		1FD149951643037600A8F5CC /* Default.png */ = {isa = PBXFileReference; lastKnownFileType = image.png; path = Default.png; sourceTree = "<group>"; };
		1FD149971643037600A8F5CC /* Default@2x.png */ = {isa = PBXFileReference; lastKnownFileType = image.png; path = "Default@2x.png"; sourceTree = "<group>"; };
		1FD149991643037600A8F5CC /* Default-568h@2x.png */ = {isa = PBXFileReference; lastKnownFileType = image.png; path = "Default-568h@2x.png"; sourceTree = "<group>"; };
		1FD1499C1643037600A8F5CC /* en */ = {isa = PBXFileReference; lastKnownFileType = file.storyboard; name = en; path = en.lproj/MainStoryboard.storyboard; sourceTree = "<group>"; };
		1FD1499F1643037600A8F5CC /* MM_Notes.xcdatamodel */ = {isa = PBXFileReference; lastKnownFileType = wrapper.xcdatamodel; path = MM_Notes.xcdatamodel; sourceTree = "<group>"; };
		1FD149A11643037600A8F5CC /* MM_MasterViewController.h */ = {isa = PBXFileReference; lastKnownFileType = sourcecode.c.h; path = MM_MasterViewController.h; sourceTree = "<group>"; };
		1FD149A21643037600A8F5CC /* MM_MasterViewController.m */ = {isa = PBXFileReference; lastKnownFileType = sourcecode.c.objc; path = MM_MasterViewController.m; sourceTree = "<group>"; };
		1FD149A41643037600A8F5CC /* MM_DetailViewController.h */ = {isa = PBXFileReference; lastKnownFileType = sourcecode.c.h; path = MM_DetailViewController.h; sourceTree = "<group>"; };
		1FD149A51643037600A8F5CC /* MM_DetailViewController.m */ = {isa = PBXFileReference; lastKnownFileType = sourcecode.c.objc; path = MM_DetailViewController.m; sourceTree = "<group>"; };
		1FD149AC16430B3500A8F5CC /* Event.h */ = {isa = PBXFileReference; fileEncoding = 4; lastKnownFileType = sourcecode.c.h; path = Event.h; sourceTree = "<group>"; };
		1FD149AD16430B3500A8F5CC /* Event.m */ = {isa = PBXFileReference; fileEncoding = 4; lastKnownFileType = sourcecode.c.objc; path = Event.m; sourceTree = "<group>"; };
		1FD149AF16430E1C00A8F5CC /* yellow_notebook_paper_0578-307x400.jpg */ = {isa = PBXFileReference; lastKnownFileType = image.jpeg; path = "yellow_notebook_paper_0578-307x400.jpg"; sourceTree = "<group>"; };
		1FFB5F0216447A2C00C88C00 /* notepad.jpg */ = {isa = PBXFileReference; lastKnownFileType = image.jpeg; path = notepad.jpg; sourceTree = "<group>"; };
		1FFB5F051644922100C88C00 /* arrow 1.png */ = {isa = PBXFileReference; lastKnownFileType = image.png; path = "arrow 1.png"; sourceTree = "<group>"; };
		1FFB5F061644922100C88C00 /* arrow 2.png */ = {isa = PBXFileReference; lastKnownFileType = image.png; path = "arrow 2.png"; sourceTree = "<group>"; };
		1FFB5F071644922100C88C00 /* trash.png */ = {isa = PBXFileReference; lastKnownFileType = image.png; path = trash.png; sourceTree = "<group>"; };
/* End PBXFileReference section */

/* Begin PBXFrameworksBuildPhase section */
		1FD1497A1643037600A8F5CC /* Frameworks */ = {
			isa = PBXFrameworksBuildPhase;
			buildActionMask = 2147483647;
			files = (
				1FD149821643037600A8F5CC /* UIKit.framework in Frameworks */,
				1FD149841643037600A8F5CC /* Foundation.framework in Frameworks */,
				1FD149861643037600A8F5CC /* CoreGraphics.framework in Frameworks */,
				1FD149881643037600A8F5CC /* CoreData.framework in Frameworks */,
			);
			runOnlyForDeploymentPostprocessing = 0;
		};
/* End PBXFrameworksBuildPhase section */

/* Begin PBXGroup section */
		1FD149721643037600A8F5CC = {
			isa = PBXGroup;
			children = (
				1FD149891643037600A8F5CC /* MM_Notes */,
				1FD149801643037600A8F5CC /* Frameworks */,
				1FD1497E1643037600A8F5CC /* Products */,
			);
			sourceTree = "<group>";
		};
		1FD1497E1643037600A8F5CC /* Products */ = {
			isa = PBXGroup;
			children = (
				1FD1497D1643037600A8F5CC /* MM_Notes.app */,
			);
			name = Products;
			sourceTree = "<group>";
		};
		1FD149801643037600A8F5CC /* Frameworks */ = {
			isa = PBXGroup;
			children = (
				1FD149811643037600A8F5CC /* UIKit.framework */,
				1FD149831643037600A8F5CC /* Foundation.framework */,
				1FD149851643037600A8F5CC /* CoreGraphics.framework */,
				1FD149871643037600A8F5CC /* CoreData.framework */,
			);
			name = Frameworks;
			sourceTree = "<group>";
		};
		1FD149891643037600A8F5CC /* MM_Notes */ = {
			isa = PBXGroup;
			children = (
				1FD149921643037600A8F5CC /* MM_AppDelegate.h */,
				1FD149931643037600A8F5CC /* MM_AppDelegate.m */,
				1FD1499B1643037600A8F5CC /* MainStoryboard.storyboard */,
				1FD149A11643037600A8F5CC /* MM_MasterViewController.h */,
				1FD149A21643037600A8F5CC /* MM_MasterViewController.m */,
				1FD149A41643037600A8F5CC /* MM_DetailViewController.h */,
				1FD149A51643037600A8F5CC /* MM_DetailViewController.m */,
				1FD1499E1643037600A8F5CC /* MM_Notes.xcdatamodeld */,
				1FD149AC16430B3500A8F5CC /* Event.h */,
				1FD149AD16430B3500A8F5CC /* Event.m */,
				1FD1498A1643037600A8F5CC /* Supporting Files */,
			);
			path = MM_Notes;
			sourceTree = "<group>";
		};
		1FD1498A1643037600A8F5CC /* Supporting Files */ = {
			isa = PBXGroup;
			children = (
				1FB36180164605A800CA70FB /* yellowbackground.png */,
				1FFB5F051644922100C88C00 /* arrow 1.png */,
				1FFB5F061644922100C88C00 /* arrow 2.png */,
				1FFB5F071644922100C88C00 /* trash.png */,
				1FFB5F0216447A2C00C88C00 /* notepad.jpg */,
				1FD149AF16430E1C00A8F5CC /* yellow_notebook_paper_0578-307x400.jpg */,
				1FD1498B1643037600A8F5CC /* MM_Notes-Info.plist */,
				1FD1498C1643037600A8F5CC /* InfoPlist.strings */,
				1FD1498F1643037600A8F5CC /* main.m */,
				1FD149911643037600A8F5CC /* MM_Notes-Prefix.pch */,
				1FD149951643037600A8F5CC /* Default.png */,
				1FD149971643037600A8F5CC /* Default@2x.png */,
				1FD149991643037600A8F5CC /* Default-568h@2x.png */,
			);
			name = "Supporting Files";
			sourceTree = "<group>";
		};
/* End PBXGroup section */

/* Begin PBXNativeTarget section */
		1FD1497C1643037600A8F5CC /* MM_Notes */ = {
			isa = PBXNativeTarget;
			buildConfigurationList = 1FD149A91643037600A8F5CC /* Build configuration list for PBXNativeTarget "MM_Notes" */;
			buildPhases = (
				1FD149791643037600A8F5CC /* Sources */,
				1FD1497A1643037600A8F5CC /* Frameworks */,
				1FD1497B1643037600A8F5CC /* Resources */,
			);
			buildRules = (
			);
			dependencies = (
			);
			name = MM_Notes;
			productName = MM_Notes;
			productReference = 1FD1497D1643037600A8F5CC /* MM_Notes.app */;
			productType = "com.apple.product-type.application";
		};
/* End PBXNativeTarget section */

/* Begin PBXProject section */
		1FD149741643037600A8F5CC /* Project object */ = {
			isa = PBXProject;
			attributes = {
				CLASSPREFIX = MM_;
				LastUpgradeCheck = 0450;
				ORGANIZATIONNAME = "Jamie Thomason";
			};
			buildConfigurationList = 1FD149771643037600A8F5CC /* Build configuration list for PBXProject "MM_Notes" */;
			compatibilityVersion = "Xcode 3.2";
			developmentRegion = English;
			hasScannedForEncodings = 0;
			knownRegions = (
				en,
			);
			mainGroup = 1FD149721643037600A8F5CC;
			productRefGroup = 1FD1497E1643037600A8F5CC /* Products */;
			projectDirPath = "";
			projectRoot = "";
			targets = (
				1FD1497C1643037600A8F5CC /* MM_Notes */,
			);
		};
/* End PBXProject section */

/* Begin PBXResourcesBuildPhase section */
		1FD1497B1643037600A8F5CC /* Resources */ = {
			isa = PBXResourcesBuildPhase;
			buildActionMask = 2147483647;
			files = (
				1FD1498E1643037600A8F5CC /* InfoPlist.strings in Resources */,
				1FD149961643037600A8F5CC /* Default.png in Resources */,
				1FD149981643037600A8F5CC /* Default@2x.png in Resources */,
				1FD1499A1643037600A8F5CC /* Default-568h@2x.png in Resources */,
				1FD1499D1643037600A8F5CC /* MainStoryboard.storyboard in Resources */,
				1FD149B016430E1C00A8F5CC /* yellow_notebook_paper_0578-307x400.jpg in Resources */,
				1FFB5F0316447A2C00C88C00 /* notepad.jpg in Resources */,
				1FFB5F081644922100C88C00 /* arrow 1.png in Resources */,
				1FFB5F091644922100C88C00 /* arrow 2.png in Resources */,
				1FFB5F0A1644922100C88C00 /* trash.png in Resources */,
				1FB36181164605A800CA70FB /* yellowbackground.png in Resources */,
			);
			runOnlyForDeploymentPostprocessing = 0;
		};
/* End PBXResourcesBuildPhase section */

/* Begin PBXSourcesBuildPhase section */
		1FD149791643037600A8F5CC /* Sources */ = {
			isa = PBXSourcesBuildPhase;
			buildActionMask = 2147483647;
			files = (
				1FD149901643037600A8F5CC /* main.m in Sources */,
				1FD149941643037600A8F5CC /* MM_AppDelegate.m in Sources */,
				1FD149A01643037600A8F5CC /* MM_Notes.xcdatamodeld in Sources */,
				1FD149A31643037600A8F5CC /* MM_MasterViewController.m in Sources */,
				1FD149A61643037600A8F5CC /* MM_DetailViewController.m in Sources */,
				1FD149AE16430B3500A8F5CC /* Event.m in Sources */,
			);
			runOnlyForDeploymentPostprocessing = 0;
		};
/* End PBXSourcesBuildPhase section */

/* Begin PBXVariantGroup section */
		1FD1498C1643037600A8F5CC /* InfoPlist.strings */ = {
			isa = PBXVariantGroup;
			children = (
				1FD1498D1643037600A8F5CC /* en */,
			);
			name = InfoPlist.strings;
			sourceTree = "<group>";
		};
		1FD1499B1643037600A8F5CC /* MainStoryboard.storyboard */ = {
			isa = PBXVariantGroup;
			children = (
				1FD1499C1643037600A8F5CC /* en */,
			);
			name = MainStoryboard.storyboard;
			sourceTree = "<group>";
		};
/* End PBXVariantGroup section */

/* Begin XCBuildConfiguration section */
		1FD149A71643037600A8F5CC /* Debug */ = {
			isa = XCBuildConfiguration;
			buildSettings = {
				ALWAYS_SEARCH_USER_PATHS = NO;
				CLANG_CXX_LANGUAGE_STANDARD = "gnu++0x";
				CLANG_CXX_LIBRARY = "libc++";
				CLANG_WARN_EMPTY_BODY = YES;
				CLANG_WARN__DUPLICATE_METHOD_MATCH = YES;
				"CODE_SIGN_IDENTITY[sdk=iphoneos*]" = "iPhone Developer";
				COPY_PHASE_STRIP = NO;
				GCC_C_LANGUAGE_STANDARD = gnu99;
				GCC_DYNAMIC_NO_PIC = NO;
				GCC_OPTIMIZATION_LEVEL = 0;
				GCC_PREPROCESSOR_DEFINITIONS = (
					"DEBUG=1",
					"$(inherited)",
				);
				GCC_SYMBOLS_PRIVATE_EXTERN = NO;
				GCC_WARN_ABOUT_RETURN_TYPE = YES;
				GCC_WARN_UNINITIALIZED_AUTOS = YES;
				GCC_WARN_UNUSED_VARIABLE = YES;
				IPHONEOS_DEPLOYMENT_TARGET = 6.0;
				ONLY_ACTIVE_ARCH = YES;
				SDKROOT = iphoneos;
			};
			name = Debug;
		};
		1FD149A81643037600A8F5CC /* Release */ = {
			isa = XCBuildConfiguration;
			buildSettings = {
				ALWAYS_SEARCH_USER_PATHS = NO;
				CLANG_CXX_LANGUAGE_STANDARD = "gnu++0x";
				CLANG_CXX_LIBRARY = "libc++";
				CLANG_WARN_EMPTY_BODY = YES;
				CLANG_WARN__DUPLICATE_METHOD_MATCH = YES;
				"CODE_SIGN_IDENTITY[sdk=iphoneos*]" = "iPhone Developer";
				COPY_PHASE_STRIP = YES;
				GCC_C_LANGUAGE_STANDARD = gnu99;
				GCC_WARN_ABOUT_RETURN_TYPE = YES;
				GCC_WARN_UNINITIALIZED_AUTOS = YES;
				GCC_WARN_UNUSED_VARIABLE = YES;
				IPHONEOS_DEPLOYMENT_TARGET = 6.0;
				OTHER_CFLAGS = "-DNS_BLOCK_ASSERTIONS=1";
				SDKROOT = iphoneos;
				VALIDATE_PRODUCT = YES;
			};
			name = Release;
		};
		1FD149AA1643037600A8F5CC /* Debug */ = {
			isa = XCBuildConfiguration;
			buildSettings = {
				GCC_PRECOMPILE_PREFIX_HEADER = YES;
				GCC_PREFIX_HEADER = "MM_Notes/MM_Notes-Prefix.pch";
				INFOPLIST_FILE = "MM_Notes/MM_Notes-Info.plist";
				PRODUCT_NAME = "$(TARGET_NAME)";
				WRAPPER_EXTENSION = app;
			};
			name = Debug;
		};
		1FD149AB1643037600A8F5CC /* Release */ = {
			isa = XCBuildConfiguration;
			buildSettings = {
				GCC_PRECOMPILE_PREFIX_HEADER = YES;
				GCC_PREFIX_HEADER = "MM_Notes/MM_Notes-Prefix.pch";
				INFOPLIST_FILE = "MM_Notes/MM_Notes-Info.plist";
				PRODUCT_NAME = "$(TARGET_NAME)";
				WRAPPER_EXTENSION = app;
			};
			name = Release;
		};
/* End XCBuildConfiguration section */

/* Begin XCConfigurationList section */
		1FD149771643037600A8F5CC /* Build configuration list for PBXProject "MM_Notes" */ = {
			isa = XCConfigurationList;
			buildConfigurations = (
				1FD149A71643037600A8F5CC /* Debug */,
				1FD149A81643037600A8F5CC /* Release */,
			);
			defaultConfigurationIsVisible = 0;
			defaultConfigurationName = Release;
		};
		1FD149A91643037600A8F5CC /* Build configuration list for PBXNativeTarget "MM_Notes" */ = {
			isa = XCConfigurationList;
			buildConfigurations = (
				1FD149AA1643037600A8F5CC /* Debug */,
				1FD149AB1643037600A8F5CC /* Release */,
			);
			defaultConfigurationIsVisible = 0;
			defaultConfigurationName = Release;
		};
/* End XCConfigurationList section */

/* Begin XCVersionGroup section */
		1FD1499E1643037600A8F5CC /* MM_Notes.xcdatamodeld */ = {
			isa = XCVersionGroup;
			children = (
				1FD1499F1643037600A8F5CC /* MM_Notes.xcdatamodel */,
			);
			currentVersion = 1FD1499F1643037600A8F5CC /* MM_Notes.xcdatamodel */;
			path = MM_Notes.xcdatamodeld;
			sourceTree = "<group>";
			versionGroupType = wrapper.xcdatamodel;
		};
/* End XCVersionGroup section */
	};
	rootObject = 1FD149741643037600A8F5CC /* Project object */;
}
